
Microsoft Visual Studio Solution File, Format Version 12.00
# Visual Studio Version 17
VisualStudioVersion = 17.14.36202.13 d17.14
MinimumVisualStudioVersion = 10.0.40219.1
Project("{FAE04EC0-301F-11D3-BF4B-00C04F79EFBC}") = "Tarea1_ProgramacionII", "Tarea1_ProgramacionII\Tarea1_ProgramacionII.csproj", "{AEE5BC0D-9F67-4C59-B0B4-9C36DF8CDD23}"
EndProject
Global
	GlobalSection(SolutionConfigurationPlatforms) = preSolution
		Debug|Any CPU = Debug|Any CPU
		Release|Any CPU = Release|Any CPU
	EndGlobalSection
	GlobalSection(ProjectConfigurationPlatforms) = postSolution
		{AEE5BC0D-9F67-4C59-B0B4-9C36DF8CDD23}.Debug|Any CPU.ActiveCfg = Debug|Any CPU
		{AEE5BC0D-9F67-4C59-B0B4-9C36DF8CDD23}.Debug|Any CPU.Build.0 = Debug|Any CPU
		{AEE5BC0D-9F67-4C59-B0B4-9C36DF8CDD23}.Release|Any CPU.ActiveCfg = Release|Any CPU
		{AEE5BC0D-9F67-4C59-B0B4-9C36DF8CDD23}.Release|Any CPU.Build.0 = Release|Any CPU
	EndGlobalSection
	GlobalSection(SolutionProperties) = preSolution
		HideSolutionNode = FALSE
	EndGlobalSection
	GlobalSection(ExtensibilityGlobals) = postSolution
		SolutionGuid = {879FAE95-CFC0-4EFE-85FA-F55D56C3FA9C}
	EndGlobalSection
EndGlobal
